
Microsoft Visual Studio Solution File, Format Version 12.00
# Visual Studio Version 17
VisualStudioVersion = 17.7.34031.279
MinimumVisualStudioVersion = 10.0.40219.1
Project("{FAE04EC0-301F-11D3-BF4B-00C04F79EFBC}") = "ProjetoIS_D02", "ProjetoIS_D02\ProjetoIS_D02.csproj", "{73D0A151-B87B-4A47-B967-F7B3CB9277E4}"
EndProject
Global
	GlobalSection(SolutionConfigurationPlatforms) = preSolution
		Debug|Any CPU = Debug|Any CPU
		Release|Any CPU = Release|Any CPU
	EndGlobalSection
	GlobalSection(ProjectConfigurationPlatforms) = postSolution
		{73D0A151-B87B-4A47-B967-F7B3CB9277E4}.Debug|Any CPU.ActiveCfg = Debug|Any CPU
		{73D0A151-B87B-4A47-B967-F7B3CB9277E4}.Debug|Any CPU.Build.0 = Debug|Any CPU
		{73D0A151-B87B-4A47-B967-F7B3CB9277E4}.Release|Any CPU.ActiveCfg = Release|Any CPU
		{73D0A151-B87B-4A47-B967-F7B3CB9277E4}.Release|Any CPU.Build.0 = Release|Any CPU
	EndGlobalSection
	GlobalSection(SolutionProperties) = preSolution
		HideSolutionNode = FALSE
	EndGlobalSection
	GlobalSection(ExtensibilityGlobals) = postSolution
		SolutionGuid = {92970BB5-06A2-417B-9456-4C1AEE605FA2}
	EndGlobalSection
EndGlobal
